
Microsoft Visual Studio Solution File, Format Version 12.00
# Visual Studio 15
VisualStudioVersion = 15.0.28307.271
MinimumVisualStudioVersion = 10.0.40219.1
Project("{9A19103F-16F7-4668-BE54-9A1E7A4F7556}") = "Shopping", "Shopping\Shopping.csproj", "{193FAB61-AC5C-4B4C-AD59-D64B19E32746}"
EndProject
Project("{9A19103F-16F7-4668-BE54-9A1E7A4F7556}") = "Users", "Users\Users.csproj", "{27ADC598-3513-4C85-BD08-F2C4B89AEBE8}"
EndProject
Global
	GlobalSection(SolutionConfigurationPlatforms) = preSolution
		Debug|Any CPU = Debug|Any CPU
		Release|Any CPU = Release|Any CPU
	EndGlobalSection
	GlobalSection(ProjectConfigurationPlatforms) = postSolution
		{193FAB61-AC5C-4B4C-AD59-D64B19E32746}.Debug|Any CPU.ActiveCfg = Debug|Any CPU
		{193FAB61-AC5C-4B4C-AD59-D64B19E32746}.Debug|Any CPU.Build.0 = Debug|Any CPU
		{193FAB61-AC5C-4B4C-AD59-D64B19E32746}.Release|Any CPU.ActiveCfg = Release|Any CPU
		{193FAB61-AC5C-4B4C-AD59-D64B19E32746}.Release|Any CPU.Build.0 = Release|Any CPU
		{27ADC598-3513-4C85-BD08-F2C4B89AEBE8}.Debug|Any CPU.ActiveCfg = Debug|Any CPU
		{27ADC598-3513-4C85-BD08-F2C4B89AEBE8}.Debug|Any CPU.Build.0 = Debug|Any CPU
		{27ADC598-3513-4C85-BD08-F2C4B89AEBE8}.Release|Any CPU.ActiveCfg = Release|Any CPU
		{27ADC598-3513-4C85-BD08-F2C4B89AEBE8}.Release|Any CPU.Build.0 = Release|Any CPU
	EndGlobalSection
	GlobalSection(SolutionProperties) = preSolution
		HideSolutionNode = FALSE
	EndGlobalSection
	GlobalSection(ExtensibilityGlobals) = postSolution
		SolutionGuid = {8B1A0C3A-DDF3-4763-BBC0-400C23C9E795}
	EndGlobalSection
EndGlobal
